
Microsoft Visual Studio Solution File, Format Version 12.00
# Visual Studio 14
VisualStudioVersion = 14.0.25420.1
MinimumVisualStudioVersion = 10.0.40219.1
Project("{FAE04EC0-301F-11D3-BF4B-00C04F79EFBC}") = "PhotoEditor", "PhotoEditor\PhotoEditor.csproj", "{8E3F068B-546E-4C7F-9D03-7B15606CC986}"
EndProject
Project("{FAE04EC0-301F-11D3-BF4B-00C04F79EFBC}") = "Plugins", "Plugins\Plugins.csproj", "{529219B7-819B-4513-A3C2-D06635B803EF}"
EndProject
Project("{FAE04EC0-301F-11D3-BF4B-00C04F79EFBC}") = "MyPlugin1", "MyPlugin1\MyPlugin1.csproj", "{B79ED9D5-D60F-432A-B40C-4BA796DF7045}"
EndProject
Global
	GlobalSection(SolutionConfigurationPlatforms) = preSolution
		Debug|Any CPU = Debug|Any CPU
		Release|Any CPU = Release|Any CPU
	EndGlobalSection
	GlobalSection(ProjectConfigurationPlatforms) = postSolution
		{8E3F068B-546E-4C7F-9D03-7B15606CC986}.Debug|Any CPU.ActiveCfg = Debug|Any CPU
		{8E3F068B-546E-4C7F-9D03-7B15606CC986}.Debug|Any CPU.Build.0 = Debug|Any CPU
		{8E3F068B-546E-4C7F-9D03-7B15606CC986}.Release|Any CPU.ActiveCfg = Release|Any CPU
		{8E3F068B-546E-4C7F-9D03-7B15606CC986}.Release|Any CPU.Build.0 = Release|Any CPU
		{529219B7-819B-4513-A3C2-D06635B803EF}.Debug|Any CPU.ActiveCfg = Debug|Any CPU
		{529219B7-819B-4513-A3C2-D06635B803EF}.Debug|Any CPU.Build.0 = Debug|Any CPU
		{529219B7-819B-4513-A3C2-D06635B803EF}.Release|Any CPU.ActiveCfg = Release|Any CPU
		{529219B7-819B-4513-A3C2-D06635B803EF}.Release|Any CPU.Build.0 = Release|Any CPU
		{B79ED9D5-D60F-432A-B40C-4BA796DF7045}.Debug|Any CPU.ActiveCfg = Debug|Any CPU
		{B79ED9D5-D60F-432A-B40C-4BA796DF7045}.Debug|Any CPU.Build.0 = Debug|Any CPU
		{B79ED9D5-D60F-432A-B40C-4BA796DF7045}.Release|Any CPU.ActiveCfg = Release|Any CPU
		{B79ED9D5-D60F-432A-B40C-4BA796DF7045}.Release|Any CPU.Build.0 = Release|Any CPU
	EndGlobalSection
	GlobalSection(SolutionProperties) = preSolution
		HideSolutionNode = FALSE
	EndGlobalSection
EndGlobal
